
Microsoft Visual Studio Solution File, Format Version 12.00
# Visual Studio Version 17
VisualStudioVersion = 17.6.33815.320
MinimumVisualStudioVersion = 10.0.40219.1
Project("{9A19103F-16F7-4668-BE54-9A1E7A4F7556}") = "EShop", "EShop\EShop.csproj", "{0430E426-84D7-4E86-A96B-CD87566E09D4}"
EndProject
Project("{2150E333-8FDC-42A3-9474-1A3956D46DE8}") = "Core", "Core", "{CF3B56FB-F2CC-457D-9EE7-330CE5B961B9}"
EndProject
Project("{2150E333-8FDC-42A3-9474-1A3956D46DE8}") = "Infrastructure", "Infrastructure", "{80C77B8D-AEF5-4AC5-B64F-DD70473CA88A}"
EndProject
Project("{2150E333-8FDC-42A3-9474-1A3956D46DE8}") = "Presentation", "Presentation", "{D6824088-C83D-4938-9F07-17521C6DB60A}"
EndProject
Project("{2150E333-8FDC-42A3-9474-1A3956D46DE8}") = "Domin", "Domin", "{4940B89F-B217-407E-8F7D-F3F265BB66E3}"
EndProject
Project("{2150E333-8FDC-42A3-9474-1A3956D46DE8}") = "Application", "Application", "{3939296C-9147-4409-9D21-598929B08198}"
EndProject
Project("{FAE04EC0-301F-11D3-BF4B-00C04F79EFBC}") = "01-Domain", "01-Domain\01-Domain.csproj", "{B1C7BEB9-7778-4511-8ACC-5A1D4662A290}"
EndProject
Project("{FAE04EC0-301F-11D3-BF4B-00C04F79EFBC}") = "02-Application", "02-Application\02-Application.csproj", "{A64C5535-8033-4BFC-8E59-DFA1AC847AFB}"
EndProject
Project("{FAE04EC0-301F-11D3-BF4B-00C04F79EFBC}") = "03-Persistence", "03-Persistence\03-Persistence.csproj", "{64D36FA4-BF9F-4C2E-9B1C-8E4B5C747FA8}"
EndProject
Global
	GlobalSection(SolutionConfigurationPlatforms) = preSolution
		Debug|Any CPU = Debug|Any CPU
		Release|Any CPU = Release|Any CPU
	EndGlobalSection
	GlobalSection(ProjectConfigurationPlatforms) = postSolution
		{0430E426-84D7-4E86-A96B-CD87566E09D4}.Debug|Any CPU.ActiveCfg = Debug|Any CPU
		{0430E426-84D7-4E86-A96B-CD87566E09D4}.Debug|Any CPU.Build.0 = Debug|Any CPU
		{0430E426-84D7-4E86-A96B-CD87566E09D4}.Release|Any CPU.ActiveCfg = Release|Any CPU
		{0430E426-84D7-4E86-A96B-CD87566E09D4}.Release|Any CPU.Build.0 = Release|Any CPU
		{B1C7BEB9-7778-4511-8ACC-5A1D4662A290}.Debug|Any CPU.ActiveCfg = Debug|Any CPU
		{B1C7BEB9-7778-4511-8ACC-5A1D4662A290}.Debug|Any CPU.Build.0 = Debug|Any CPU
		{B1C7BEB9-7778-4511-8ACC-5A1D4662A290}.Release|Any CPU.ActiveCfg = Release|Any CPU
		{B1C7BEB9-7778-4511-8ACC-5A1D4662A290}.Release|Any CPU.Build.0 = Release|Any CPU
		{A64C5535-8033-4BFC-8E59-DFA1AC847AFB}.Debug|Any CPU.ActiveCfg = Debug|Any CPU
		{A64C5535-8033-4BFC-8E59-DFA1AC847AFB}.Debug|Any CPU.Build.0 = Debug|Any CPU
		{A64C5535-8033-4BFC-8E59-DFA1AC847AFB}.Release|Any CPU.ActiveCfg = Release|Any CPU
		{A64C5535-8033-4BFC-8E59-DFA1AC847AFB}.Release|Any CPU.Build.0 = Release|Any CPU
		{64D36FA4-BF9F-4C2E-9B1C-8E4B5C747FA8}.Debug|Any CPU.ActiveCfg = Debug|Any CPU
		{64D36FA4-BF9F-4C2E-9B1C-8E4B5C747FA8}.Debug|Any CPU.Build.0 = Debug|Any CPU
		{64D36FA4-BF9F-4C2E-9B1C-8E4B5C747FA8}.Release|Any CPU.ActiveCfg = Release|Any CPU
		{64D36FA4-BF9F-4C2E-9B1C-8E4B5C747FA8}.Release|Any CPU.Build.0 = Release|Any CPU
	EndGlobalSection
	GlobalSection(SolutionProperties) = preSolution
		HideSolutionNode = FALSE
	EndGlobalSection
	GlobalSection(NestedProjects) = preSolution
		{0430E426-84D7-4E86-A96B-CD87566E09D4} = {D6824088-C83D-4938-9F07-17521C6DB60A}
		{4940B89F-B217-407E-8F7D-F3F265BB66E3} = {CF3B56FB-F2CC-457D-9EE7-330CE5B961B9}
		{3939296C-9147-4409-9D21-598929B08198} = {CF3B56FB-F2CC-457D-9EE7-330CE5B961B9}
		{B1C7BEB9-7778-4511-8ACC-5A1D4662A290} = {4940B89F-B217-407E-8F7D-F3F265BB66E3}
		{A64C5535-8033-4BFC-8E59-DFA1AC847AFB} = {3939296C-9147-4409-9D21-598929B08198}
		{64D36FA4-BF9F-4C2E-9B1C-8E4B5C747FA8} = {80C77B8D-AEF5-4AC5-B64F-DD70473CA88A}
	EndGlobalSection
	GlobalSection(ExtensibilityGlobals) = postSolution
		SolutionGuid = {82B19488-9AF7-4899-9EB9-6744258423D4}
	EndGlobalSection
EndGlobal
